
Microsoft Visual Studio Solution File, Format Version 12.00
# Visual Studio 15
VisualStudioVersion = 15.0.27130.2010
MinimumVisualStudioVersion = 10.0.40219.1
Project("{FAE04EC0-301F-11D3-BF4B-00C04F79EFBC}") = "MicroInputDemo", "Demo\MicroInputDemo\MicroInputDemo.csproj", "{27F6FD82-8BFA-47AD-A161-DE43321F17E7}"
EndProject
Project("{8BC9CEB8-8B4A-11D0-8D11-00A0C91BC942}") = "Arduino", "Arduino\Arduino.vcxproj", "{C5F80730-F44F-4478-BDAE-6634EFC2CA88}"
EndProject
Project("{FAE04EC0-301F-11D3-BF4B-00C04F79EFBC}") = "SharpLibMicroInput", "Lib\SharpLibMicroInput.csproj", "{94382107-6F94-4668-8B57-045A82469AF0}"
EndProject
Global
	GlobalSection(SolutionConfigurationPlatforms) = preSolution
		Debug|Any CPU = Debug|Any CPU
		Debug|x86 = Debug|x86
		Release|Any CPU = Release|Any CPU
		Release|x86 = Release|x86
	EndGlobalSection
	GlobalSection(ProjectConfigurationPlatforms) = postSolution
		{27F6FD82-8BFA-47AD-A161-DE43321F17E7}.Debug|Any CPU.ActiveCfg = Debug|Any CPU
		{27F6FD82-8BFA-47AD-A161-DE43321F17E7}.Debug|Any CPU.Build.0 = Debug|Any CPU
		{27F6FD82-8BFA-47AD-A161-DE43321F17E7}.Debug|x86.ActiveCfg = Debug|Any CPU
		{27F6FD82-8BFA-47AD-A161-DE43321F17E7}.Debug|x86.Build.0 = Debug|Any CPU
		{27F6FD82-8BFA-47AD-A161-DE43321F17E7}.Release|Any CPU.ActiveCfg = Release|Any CPU
		{27F6FD82-8BFA-47AD-A161-DE43321F17E7}.Release|Any CPU.Build.0 = Release|Any CPU
		{27F6FD82-8BFA-47AD-A161-DE43321F17E7}.Release|x86.ActiveCfg = Release|Any CPU
		{27F6FD82-8BFA-47AD-A161-DE43321F17E7}.Release|x86.Build.0 = Release|Any CPU
		{C5F80730-F44F-4478-BDAE-6634EFC2CA88}.Debug|Any CPU.ActiveCfg = Debug|Win32
		{C5F80730-F44F-4478-BDAE-6634EFC2CA88}.Debug|x86.ActiveCfg = Debug|Win32
		{C5F80730-F44F-4478-BDAE-6634EFC2CA88}.Debug|x86.Build.0 = Debug|Win32
		{C5F80730-F44F-4478-BDAE-6634EFC2CA88}.Release|Any CPU.ActiveCfg = Release|Win32
		{C5F80730-F44F-4478-BDAE-6634EFC2CA88}.Release|x86.ActiveCfg = Release|Win32
		{C5F80730-F44F-4478-BDAE-6634EFC2CA88}.Release|x86.Build.0 = Release|Win32
		{94382107-6F94-4668-8B57-045A82469AF0}.Debug|Any CPU.ActiveCfg = Debug|Any CPU
		{94382107-6F94-4668-8B57-045A82469AF0}.Debug|Any CPU.Build.0 = Debug|Any CPU
		{94382107-6F94-4668-8B57-045A82469AF0}.Debug|x86.ActiveCfg = Debug|Any CPU
		{94382107-6F94-4668-8B57-045A82469AF0}.Debug|x86.Build.0 = Debug|Any CPU
		{94382107-6F94-4668-8B57-045A82469AF0}.Release|Any CPU.ActiveCfg = Release|Any CPU
		{94382107-6F94-4668-8B57-045A82469AF0}.Release|Any CPU.Build.0 = Release|Any CPU
		{94382107-6F94-4668-8B57-045A82469AF0}.Release|x86.ActiveCfg = Release|Any CPU
		{94382107-6F94-4668-8B57-045A82469AF0}.Release|x86.Build.0 = Release|Any CPU
	EndGlobalSection
	GlobalSection(SolutionProperties) = preSolution
		HideSolutionNode = FALSE
	EndGlobalSection
	GlobalSection(ExtensibilityGlobals) = postSolution
		SolutionGuid = {2BBD88DD-BD68-485E-8AE9-0399EF3CEC3B}
	EndGlobalSection
EndGlobal
